
Microsoft Visual Studio Solution File, Format Version 12.00
# Visual Studio 14
VisualStudioVersion = 14.0.23107.0
MinimumVisualStudioVersion = 10.0.40219.1
Project("{FAE04EC0-301F-11D3-BF4B-00C04F79EFBC}") = "1. FibonacciNumbers", "1. FibonacciNumbers\1. FibonacciNumbers.csproj", "{32A96D19-076E-4FA7-8933-CAFB43BACC62}"
EndProject
Project("{FAE04EC0-301F-11D3-BF4B-00C04F79EFBC}") = "2. PrimeChecker", "2. PrimeChecker\2. PrimeChecker.csproj", "{0235448C-9459-40A9-9F8B-9A81786FDA2C}"
EndProject
Project("{FAE04EC0-301F-11D3-BF4B-00C04F79EFBC}") = "3. PrimesInGivenRange", "3. PrimesInGivenRange\3. PrimesInGivenRange.csproj", "{BACF3FBD-D16B-4E49-BC1D-67342E6DD256}"
EndProject
Project("{FAE04EC0-301F-11D3-BF4B-00C04F79EFBC}") = "4. DifferenceBetweenDates", "4. DifferenceBetweenDates\4. DifferenceBetweenDates.csproj", "{A691B14C-A2DC-4832-B57A-8A0F8B938025}"
EndProject
Project("{FAE04EC0-301F-11D3-BF4B-00C04F79EFBC}") = "5. Sort", "5. Sort\5. Sort.csproj", "{43C5E5B6-3B04-4207-B3BC-F010F751A930}"
EndProject
Project("{FAE04EC0-301F-11D3-BF4B-00C04F79EFBC}") = "7. MatrixOfPalindromes", "7. MatrixOfPalindromes\7. MatrixOfPalindromes.csproj", "{CAEF2959-3107-4B6C-B8D1-12882DE79821}"
EndProject
Project("{FAE04EC0-301F-11D3-BF4B-00C04F79EFBC}") = "9. RemoveNames", "9. RemoveNames\9. RemoveNames.csproj", "{ABCE730A-B730-428A-9AF5-0D1214FB8C1A}"
EndProject
Project("{FAE04EC0-301F-11D3-BF4B-00C04F79EFBC}") = "10. JoinLists", "10. JoinLists\10. JoinLists.csproj", "{E8B947FC-0C4B-4BF9-BA69-647D45311638}"
EndProject
Project("{FAE04EC0-301F-11D3-BF4B-00C04F79EFBC}") = "11. CountOfLetters", "11. CountOfLetters\11. CountOfLetters.csproj", "{00D100BD-55ED-4209-AD3F-A4B9A475D54B}"
EndProject
Project("{FAE04EC0-301F-11D3-BF4B-00C04F79EFBC}") = "12. CountOfNames", "12. CountOfNames\12. CountOfNames.csproj", "{8818A408-0CAD-43C0-950B-79A6C2C6E307}"
EndProject
Project("{FAE04EC0-301F-11D3-BF4B-00C04F79EFBC}") = "6. LongestAreaInArray", "6. LongestAreaInArray\6. LongestAreaInArray.csproj", "{1604EBF6-2437-430B-9D81-3215D78268D6}"
EndProject
Project("{FAE04EC0-301F-11D3-BF4B-00C04F79EFBC}") = "14. LongestWordInAText", "14. LongestWordInAText\14. LongestWordInAText.csproj", "{DAFEE35B-2894-40F7-B6D6-9991294799E5}"
EndProject
Project("{FAE04EC0-301F-11D3-BF4B-00C04F79EFBC}") = "15. ExtractURLsFromText", "15. ExtractURLsFromText\15. ExtractURLsFromText.csproj", "{61FB333E-A49E-42BE-B83B-578D8013B94C}"
EndProject
Project("{FAE04EC0-301F-11D3-BF4B-00C04F79EFBC}") = "13. AverageLoadTimeCalculator", "13. AverageLoadTimeCalculator\13. AverageLoadTimeCalculator.csproj", "{0AE32948-8800-4D5D-996F-9B91FE82276B}"
EndProject
Global
	GlobalSection(SolutionConfigurationPlatforms) = preSolution
		Debug|Any CPU = Debug|Any CPU
		Release|Any CPU = Release|Any CPU
	EndGlobalSection
	GlobalSection(ProjectConfigurationPlatforms) = postSolution
		{32A96D19-076E-4FA7-8933-CAFB43BACC62}.Debug|Any CPU.ActiveCfg = Debug|Any CPU
		{32A96D19-076E-4FA7-8933-CAFB43BACC62}.Debug|Any CPU.Build.0 = Debug|Any CPU
		{32A96D19-076E-4FA7-8933-CAFB43BACC62}.Release|Any CPU.ActiveCfg = Release|Any CPU
		{32A96D19-076E-4FA7-8933-CAFB43BACC62}.Release|Any CPU.Build.0 = Release|Any CPU
		{0235448C-9459-40A9-9F8B-9A81786FDA2C}.Debug|Any CPU.ActiveCfg = Debug|Any CPU
		{0235448C-9459-40A9-9F8B-9A81786FDA2C}.Debug|Any CPU.Build.0 = Debug|Any CPU
		{0235448C-9459-40A9-9F8B-9A81786FDA2C}.Release|Any CPU.ActiveCfg = Release|Any CPU
		{0235448C-9459-40A9-9F8B-9A81786FDA2C}.Release|Any CPU.Build.0 = Release|Any CPU
		{BACF3FBD-D16B-4E49-BC1D-67342E6DD256}.Debug|Any CPU.ActiveCfg = Debug|Any CPU
		{BACF3FBD-D16B-4E49-BC1D-67342E6DD256}.Debug|Any CPU.Build.0 = Debug|Any CPU
		{BACF3FBD-D16B-4E49-BC1D-67342E6DD256}.Release|Any CPU.ActiveCfg = Release|Any CPU
		{BACF3FBD-D16B-4E49-BC1D-67342E6DD256}.Release|Any CPU.Build.0 = Release|Any CPU
		{A691B14C-A2DC-4832-B57A-8A0F8B938025}.Debug|Any CPU.ActiveCfg = Debug|Any CPU
		{A691B14C-A2DC-4832-B57A-8A0F8B938025}.Debug|Any CPU.Build.0 = Debug|Any CPU
		{A691B14C-A2DC-4832-B57A-8A0F8B938025}.Release|Any CPU.ActiveCfg = Release|Any CPU
		{A691B14C-A2DC-4832-B57A-8A0F8B938025}.Release|Any CPU.Build.0 = Release|Any CPU
		{43C5E5B6-3B04-4207-B3BC-F010F751A930}.Debug|Any CPU.ActiveCfg = Debug|Any CPU
		{43C5E5B6-3B04-4207-B3BC-F010F751A930}.Debug|Any CPU.Build.0 = Debug|Any CPU
		{43C5E5B6-3B04-4207-B3BC-F010F751A930}.Release|Any CPU.ActiveCfg = Release|Any CPU
		{43C5E5B6-3B04-4207-B3BC-F010F751A930}.Release|Any CPU.Build.0 = Release|Any CPU
		{CAEF2959-3107-4B6C-B8D1-12882DE79821}.Debug|Any CPU.ActiveCfg = Debug|Any CPU
		{CAEF2959-3107-4B6C-B8D1-12882DE79821}.Debug|Any CPU.Build.0 = Debug|Any CPU
		{CAEF2959-3107-4B6C-B8D1-12882DE79821}.Release|Any CPU.ActiveCfg = Release|Any CPU
		{CAEF2959-3107-4B6C-B8D1-12882DE79821}.Release|Any CPU.Build.0 = Release|Any CPU
		{ABCE730A-B730-428A-9AF5-0D1214FB8C1A}.Debug|Any CPU.ActiveCfg = Debug|Any CPU
		{ABCE730A-B730-428A-9AF5-0D1214FB8C1A}.Debug|Any CPU.Build.0 = Debug|Any CPU
		{ABCE730A-B730-428A-9AF5-0D1214FB8C1A}.Release|Any CPU.ActiveCfg = Release|Any CPU
		{ABCE730A-B730-428A-9AF5-0D1214FB8C1A}.Release|Any CPU.Build.0 = Release|Any CPU
		{E8B947FC-0C4B-4BF9-BA69-647D45311638}.Debug|Any CPU.ActiveCfg = Debug|Any CPU
		{E8B947FC-0C4B-4BF9-BA69-647D45311638}.Debug|Any CPU.Build.0 = Debug|Any CPU
		{E8B947FC-0C4B-4BF9-BA69-647D45311638}.Release|Any CPU.ActiveCfg = Release|Any CPU
		{E8B947FC-0C4B-4BF9-BA69-647D45311638}.Release|Any CPU.Build.0 = Release|Any CPU
		{00D100BD-55ED-4209-AD3F-A4B9A475D54B}.Debug|Any CPU.ActiveCfg = Debug|Any CPU
		{00D100BD-55ED-4209-AD3F-A4B9A475D54B}.Debug|Any CPU.Build.0 = Debug|Any CPU
		{00D100BD-55ED-4209-AD3F-A4B9A475D54B}.Release|Any CPU.ActiveCfg = Release|Any CPU
		{00D100BD-55ED-4209-AD3F-A4B9A475D54B}.Release|Any CPU.Build.0 = Release|Any CPU
		{8818A408-0CAD-43C0-950B-79A6C2C6E307}.Debug|Any CPU.ActiveCfg = Debug|Any CPU
		{8818A408-0CAD-43C0-950B-79A6C2C6E307}.Debug|Any CPU.Build.0 = Debug|Any CPU
		{8818A408-0CAD-43C0-950B-79A6C2C6E307}.Release|Any CPU.ActiveCfg = Release|Any CPU
		{8818A408-0CAD-43C0-950B-79A6C2C6E307}.Release|Any CPU.Build.0 = Release|Any CPU
		{1604EBF6-2437-430B-9D81-3215D78268D6}.Debug|Any CPU.ActiveCfg = Debug|Any CPU
		{1604EBF6-2437-430B-9D81-3215D78268D6}.Debug|Any CPU.Build.0 = Debug|Any CPU
		{1604EBF6-2437-430B-9D81-3215D78268D6}.Release|Any CPU.ActiveCfg = Release|Any CPU
		{1604EBF6-2437-430B-9D81-3215D78268D6}.Release|Any CPU.Build.0 = Release|Any CPU
		{DAFEE35B-2894-40F7-B6D6-9991294799E5}.Debug|Any CPU.ActiveCfg = Debug|Any CPU
		{DAFEE35B-2894-40F7-B6D6-9991294799E5}.Debug|Any CPU.Build.0 = Debug|Any CPU
		{DAFEE35B-2894-40F7-B6D6-9991294799E5}.Release|Any CPU.ActiveCfg = Release|Any CPU
		{DAFEE35B-2894-40F7-B6D6-9991294799E5}.Release|Any CPU.Build.0 = Release|Any CPU
		{61FB333E-A49E-42BE-B83B-578D8013B94C}.Debug|Any CPU.ActiveCfg = Debug|Any CPU
		{61FB333E-A49E-42BE-B83B-578D8013B94C}.Debug|Any CPU.Build.0 = Debug|Any CPU
		{61FB333E-A49E-42BE-B83B-578D8013B94C}.Release|Any CPU.ActiveCfg = Release|Any CPU
		{61FB333E-A49E-42BE-B83B-578D8013B94C}.Release|Any CPU.Build.0 = Release|Any CPU
		{0AE32948-8800-4D5D-996F-9B91FE82276B}.Debug|Any CPU.ActiveCfg = Debug|Any CPU
		{0AE32948-8800-4D5D-996F-9B91FE82276B}.Debug|Any CPU.Build.0 = Debug|Any CPU
		{0AE32948-8800-4D5D-996F-9B91FE82276B}.Release|Any CPU.ActiveCfg = Release|Any CPU
		{0AE32948-8800-4D5D-996F-9B91FE82276B}.Release|Any CPU.Build.0 = Release|Any CPU
	EndGlobalSection
	GlobalSection(SolutionProperties) = preSolution
		HideSolutionNode = FALSE
	EndGlobalSection
EndGlobal
